# THIS IS AN AUTOGENERATED FILE. DO NOT EDIT THIS FILE DIRECTLY.
# yarn lockfile v1


delay@^4.1.0:
  version "4.1.0"
  resolved "https://registry.yarnpkg.com/delay/-/delay-4.1.0.tgz#474cd28809da41d1a048a70a1d835f47ac377cd2"
  integrity sha512-8Hea6/aOu3bPdDBQhSRUEUzF0QwuWmSPuIK+sxNdvcJtSfzb6HXrTd9DFJBCJcV9o83fFECqTgllqdnmUfq9+w==
